// !$*UTF8*$!
{
	archiveVersion = 1;
	classes = {
	};
	objectVersion = 46;
	objects = {

/* Begin PBXBuildFile section */
		1498D2341E8E89220040F4C2 /* GeneratedPluginRegistrant.m in Sources */ = {isa = PBXBuildFile; fileRef = 1498D2331E8E89220040F4C2 /* GeneratedPluginRegistrant.m */; };
		3B80C3951E831B6300D905FE /* App.framework in Embed Frameworks */ = {isa = PBXBuildFile; fileRef = 3B80C3931E831B6300D905FE /* App.framework */; settings = {ATTRIBUTES = (CodeSignOnCopy, RemoveHeadersOnCopy, ); }; };
		74858FAF1ED2DC5600515810 /* AppDelegate.swift in Sources */ = {isa = PBXBuildFile; fileRef = 74858FAE1ED2DC5600515810 /* AppDelegate.swift */; };
		76446F25624FBEF85EDA347E /* Pods_Runner.framework in Frameworks */ = {isa = PBXBuildFile; fileRef = 8C48C76B6133E6D2DA17E4F5 /* Pods_Runner.framework */; };
		CB34A27B23D79552007FD1A4 /* GoogleService-Info.plist in Resources */ = {isa = PBXBuildFile; fileRef = CBF88D502347798C00995C8E /* GoogleService-Info.plist */; };
		CB34A27D23D795A6007FD1A4 /* AppFrameworkInfo.plist in Resources */ = {isa = PBXBuildFile; fileRef = 3B3967151E833CAA004F5970 /* AppFrameworkInfo.plist */; };
		CB34A27E23D795C8007FD1A4 /* Assets.xcassets in Resources */ = {isa = PBXBuildFile; fileRef = 97C146FD1CF9000F007C117D /* Assets.xcassets */; };
		CBDBE66423D876B900736DA9 /* App.framework in Frameworks */ = {isa = PBXBuildFile; fileRef = 3B80C3931E831B6300D905FE /* App.framework */; };
		CBDBE66523D876C500736DA9 /* Flutter.framework in Frameworks */ = {isa = PBXBuildFile; fileRef = 9740EEBA1CF902C7004384FC /* Flutter.framework */; };
		CBDBE66723D8772300736DA9 /* Flutter.framework in Embed Frameworks */ = {isa = PBXBuildFile; fileRef = 9740EEBA1CF902C7004384FC /* Flutter.framework */; settings = {ATTRIBUTES = (CodeSignOnCopy, RemoveHeadersOnCopy, ); }; };
		CBDBE66923D8846000736DA9 /* LaunchScreen.storyboard in Resources */ = {isa = PBXBuildFile; fileRef = 97C146FF1CF9000F007C117D /* LaunchScreen.storyboard */; };
		CBDBE66A23D8847300736DA9 /* Main.storyboard in Resources */ = {isa = PBXBuildFile; fileRef = 97C146FA1CF9000F007C117D /* Main.storyboard */; };
/* End PBXBuildFile section */

/* Begin PBXCopyFilesBuildPhase section */
		9705A1C41CF9048500538489 /* Embed Frameworks */ = {
			isa = PBXCopyFilesBuildPhase;
			buildActionMask = 2147483647;
			dstPath = "";
			dstSubfolderSpec = 10;
			files = (
				CBDBE66723D8772300736DA9 /* Flutter.framework in Embed Frameworks */,
				3B80C3951E831B6300D905FE /* App.framework in Embed Frameworks */,
			);
			name = "Embed Frameworks";
			runOnlyForDeploymentPostprocessing = 0;
		};
/* End PBXCopyFilesBuildPhase section */

/* Begin PBXFileReference section */
		1498D2321E8E86230040F4C2 /* GeneratedPluginRegistrant.h */ = {isa = PBXFileReference; lastKnownFileType = sourcecode.c.h; path = GeneratedPluginRegistrant.h; sourceTree = "<group>"; };
		1498D2331E8E89220040F4C2 /* GeneratedPluginRegistrant.m */ = {isa = PBXFileReference; fileEncoding = 4; lastKnownFileType = sourcecode.c.objc; path = GeneratedPluginRegistrant.m; sourceTree = "<group>"; };
		2DF5E563B51C4CCCC1627E23 /* Pods-Runner.profile.xcconfig */ = {isa = PBXFileReference; includeInIndex = 1; lastKnownFileType = text.xcconfig; name = "Pods-Runner.profile.xcconfig"; path = "Target Support Files/Pods-Runner/Pods-Runner.profile.xcconfig"; sourceTree = "<group>"; };
		3B3967151E833CAA004F5970 /* AppFrameworkInfo.plist */ = {isa = PBXFileReference; fileEncoding = 4; lastKnownFileType = text.plist.xml; name = AppFrameworkInfo.plist; path = Flutter/AppFrameworkInfo.plist; sourceTree = "<group>"; };
		3B80C3931E831B6300D905FE /* App.framework */ = {isa = PBXFileReference; lastKnownFileType = wrapper.framework; name = App.framework; path = Flutter/App.framework; sourceTree = "<group>"; };
		54B0BB5A507731A2FF27F536 /* Pods-Runner.debug.xcconfig */ = {isa = PBXFileReference; includeInIndex = 1; lastKnownFileType = text.xcconfig; name = "Pods-Runner.debug.xcconfig"; path = "Target Support Files/Pods-Runner/Pods-Runner.debug.xcconfig"; sourceTree = "<group>"; };
		5F77F6400CF6EA27FF9195F8 /* Pods-Runner.release.xcconfig */ = {isa = PBXFileReference; includeInIndex = 1; lastKnownFileType = text.xcconfig; name = "Pods-Runner.release.xcconfig"; path = "Target Support Files/Pods-Runner/Pods-Runner.release.xcconfig"; sourceTree = "<group>"; };
		74858FAD1ED2DC5600515810 /* Runner-Bridging-Header.h */ = {isa = PBXFileReference; lastKnownFileType = sourcecode.c.h; path = "Runner-Bridging-Header.h"; sourceTree = "<group>"; };
		74858FAE1ED2DC5600515810 /* AppDelegate.swift */ = {isa = PBXFileReference; fileEncoding = 4; lastKnownFileType = sourcecode.swift; path = AppDelegate.swift; sourceTree = "<group>"; };
		7AFA3C8E1D35360C0083082E /* Release.xcconfig */ = {isa = PBXFileReference; lastKnownFileType = text.xcconfig; name = Release.xcconfig; path = Flutter/Release.xcconfig; sourceTree = "<group>"; };
		8C48C76B6133E6D2DA17E4F5 /* Pods_Runner.framework */ = {isa = PBXFileReference; explicitFileType = wrapper.framework; includeInIndex = 0; path = Pods_Runner.framework; sourceTree = BUILT_PRODUCTS_DIR; };
		9740EEB21CF90195004384FC /* Debug.xcconfig */ = {isa = PBXFileReference; fileEncoding = 4; lastKnownFileType = text.xcconfig; name = Debug.xcconfig; path = Flutter/Debug.xcconfig; sourceTree = "<group>"; };
		9740EEB31CF90195004384FC /* Generated.xcconfig */ = {isa = PBXFileReference; fileEncoding = 4; lastKnownFileType = text.xcconfig; name = Generated.xcconfig; path = Flutter/Generated.xcconfig; sourceTree = "<group>"; };
		9740EEBA1CF902C7004384FC /* Flutter.framework */ = {isa = PBXFileReference; lastKnownFileType = wrapper.framework; name = Flutter.framework; path = Flutter/Flutter.framework; sourceTree = "<group>"; };
		97C146EE1CF9000F007C117D /* Runner.app */ = {isa = PBXFileReference; explicitFileType = wrapper.application; includeInIndex = 0; path = Runner.app; sourceTree = BUILT_PRODUCTS_DIR; };
		97C146FB1CF9000F007C117D /* Base */ = {isa = PBXFileReference; lastKnownFileType = file.storyboard; name = Base; path = Base.lproj/Main.storyboard; sourceTree = "<group>"; };
		97C146FD1CF9000F007C117D /* Assets.xcassets */ = {isa = PBXFileReference; lastKnownFileType = folder.assetcatalog; path = Assets.xcassets; sourceTree = "<group>"; };
		97C147001CF9000F007C117D /* Base */ = {isa = PBXFileReference; lastKnownFileType = file.storyboard; name = Base; path = Base.lproj/LaunchScreen.storyboard; sourceTree = "<group>"; };
		97C147021CF9000F007C117D /* Info.plist */ = {isa = PBXFileReference; lastKnownFileType = text.plist.xml; path = Info.plist; sourceTree = "<group>"; };
		CBAEBEDA234A3DC2008863C8 /* Runner.entitlements */ = {isa = PBXFileReference; lastKnownFileType = text.plist.entitlements; path = Runner.entitlements; sourceTree = "<group>"; };
		CBDBE66223D8767100736DA9 /* Frameworks */ = {isa = PBXFileReference; lastKnownFileType = folder; path = Frameworks; sourceTree = "<group>"; };
		CBEC09BF23D735C2007A76BB /* libflutter_facebook_login.a */ = {isa = PBXFileReference; explicitFileType = archive.ar; path = libflutter_facebook_login.a; sourceTree = BUILT_PRODUCTS_DIR; };
		CBEC09C123D735C2007A76BB /* libflutter_plugin_android_lifecycle.a */ = {isa = PBXFileReference; explicitFileType = archive.ar; path = libflutter_plugin_android_lifecycle.a; sourceTree = BUILT_PRODUCTS_DIR; };
		CBEC09C323D735C2007A76BB /* libgoogle_maps_flutter.a */ = {isa = PBXFileReference; explicitFileType = archive.ar; path = libgoogle_maps_flutter.a; sourceTree = BUILT_PRODUCTS_DIR; };
		CBF88D502347798C00995C8E /* GoogleService-Info.plist */ = {isa = PBXFileReference; fileEncoding = 4; lastKnownFileType = text.plist.xml; path = "GoogleService-Info.plist"; sourceTree = "<group>"; };
/* End PBXFileReference section */

/* Begin PBXFrameworksBuildPhase section */
		97C146EB1CF9000F007C117D /* Frameworks */ = {
			isa = PBXFrameworksBuildPhase;
			buildActionMask = 2147483647;
			files = (
				CBDBE66523D876C500736DA9 /* Flutter.framework in Frameworks */,
				CBDBE66423D876B900736DA9 /* App.framework in Frameworks */,
				76446F25624FBEF85EDA347E /* Pods_Runner.framework in Frameworks */,
			);
			runOnlyForDeploymentPostprocessing = 0;
		};
/* End PBXFrameworksBuildPhase section */

/* Begin PBXGroup section */
		9740EEB11CF90186004384FC /* Flutter */ = {
			isa = PBXGroup;
			children = (
				3B80C3931E831B6300D905FE /* App.framework */,
				3B3967151E833CAA004F5970 /* AppFrameworkInfo.plist */,
				9740EEBA1CF902C7004384FC /* Flutter.framework */,
				9740EEB21CF90195004384FC /* Debug.xcconfig */,
				7AFA3C8E1D35360C0083082E /* Release.xcconfig */,
				9740EEB31CF90195004384FC /* Generated.xcconfig */,
			);
			name = Flutter;
			sourceTree = "<group>";
		};
		97C146E51CF9000F007C117D = {
			isa = PBXGroup;
			children = (
				9740EEB11CF90186004384FC /* Flutter */,
				97C146F01CF9000F007C117D /* Runner */,
				97C146EF1CF9000F007C117D /* Products */,
				B5D40074DF3D60720CD4FF61 /* Frameworks */,
				D3BE3021590D8EAC11D9F539 /* Pods */,
			);
			sourceTree = "<group>";
		};
		97C146EF1CF9000F007C117D /* Products */ = {
			isa = PBXGroup;
			children = (
				97C146EE1CF9000F007C117D /* Runner.app */,
			);
			name = Products;
			sourceTree = "<group>";
		};
		97C146F01CF9000F007C117D /* Runner */ = {
			isa = PBXGroup;
			children = (
				CBAEBEDA234A3DC2008863C8 /* Runner.entitlements */,
				CBF88D502347798C00995C8E /* GoogleService-Info.plist */,
				97C146FA1CF9000F007C117D /* Main.storyboard */,
				97C146FD1CF9000F007C117D /* Assets.xcassets */,
				97C146FF1CF9000F007C117D /* LaunchScreen.storyboard */,
				97C147021CF9000F007C117D /* Info.plist */,
				97C146F11CF9000F007C117D /* Supporting Files */,
				1498D2321E8E86230040F4C2 /* GeneratedPluginRegistrant.h */,
				1498D2331E8E89220040F4C2 /* GeneratedPluginRegistrant.m */,
				74858FAE1ED2DC5600515810 /* AppDelegate.swift */,
				74858FAD1ED2DC5600515810 /* Runner-Bridging-Header.h */,
			);
			path = Runner;
			sourceTree = "<group>";
		};
		97C146F11CF9000F007C117D /* Supporting Files */ = {
			isa = PBXGroup;
			children = (
			);
			name = "Supporting Files";
			sourceTree = "<group>";
		};
		B5D40074DF3D60720CD4FF61 /* Frameworks */ = {
			isa = PBXGroup;
			children = (
				CBDBE66223D8767100736DA9 /* Frameworks */,
				CBEC09BF23D735C2007A76BB /* libflutter_facebook_login.a */,
				CBEC09C123D735C2007A76BB /* libflutter_plugin_android_lifecycle.a */,
				CBEC09C323D735C2007A76BB /* libgoogle_maps_flutter.a */,
				8C48C76B6133E6D2DA17E4F5 /* Pods_Runner.framework */,
			);
			name = Frameworks;
			sourceTree = "<group>";
		};
		D3BE3021590D8EAC11D9F539 /* Pods */ = {
			isa = PBXGroup;
			children = (
				54B0BB5A507731A2FF27F536 /* Pods-Runner.debug.xcconfig */,
				5F77F6400CF6EA27FF9195F8 /* Pods-Runner.release.xcconfig */,
				2DF5E563B51C4CCCC1627E23 /* Pods-Runner.profile.xcconfig */,
			);
			path = Pods;
			sourceTree = "<group>";
		};
/* End PBXGroup section */

/* Begin PBXNativeTarget section */
		97C146ED1CF9000F007C117D /* Runner */ = {
			isa = PBXNativeTarget;
			buildConfigurationList = 97C147051CF9000F007C117D /* Build configuration list for PBXNativeTarget "Runner" */;
			buildPhases = (
				3089DFAA35BFDBD640AEF2A5 /* [CP] Check Pods Manifest.lock */,
				9740EEB61CF901F6004384FC /* Run Script */,
				97C146EA1CF9000F007C117D /* Sources */,
				97C146EB1CF9000F007C117D /* Frameworks */,
				9705A1C41CF9048500538489 /* Embed Frameworks */,
				3B06AD1E1E4923F5004D2608 /* Thin Binary */,
				97C146EC1CF9000F007C117D /* Resources */,
				F2B53C140B0BB13D6019479C /* [CP] Embed Pods Frameworks */,
				201A83C285C5959D16EEFF97 /* [CP] Copy Pods Resources */,
			);
			buildRules = (
			);
			dependencies = (
			);
			name = Runner;
			productName = Runner;
			productReference = 97C146EE1CF9000F007C117D /* Runner.app */;
			productType = "com.apple.product-type.application";
		};
/* End PBXNativeTarget section */

/* Begin PBXProject section */
		97C146E61CF9000F007C117D /* Project object */ = {
			isa = PBXProject;
			attributes = {
				LastUpgradeCheck = 1120;
				ORGANIZATIONNAME = "The Chromium Authors";
				TargetAttributes = {
					97C146ED1CF9000F007C117D = {
						CreatedOnToolsVersion = 7.3.1;
						DevelopmentTeam = BN4F9WZ4R3;
						LastSwiftMigration = 1120;
						SystemCapabilities = {
							com.apple.Push = {
								enabled = 1;
							};
						};
					};
				};
			};
			buildConfigurationList = 97C146E91CF9000F007C117D /* Build configuration list for PBXProject "Runner" */;
			compatibilityVersion = "Xcode 3.2";
			developmentRegion = en;
			hasScannedForEncodings = 0;
			knownRegions = (
				en,
				Base,
			);
			mainGroup = 97C146E51CF9000F007C117D;
			productRefGroup = 97C146EF1CF9000F007C117D /* Products */;
			projectDirPath = "";
			projectRoot = "";
			targets = (
				97C146ED1CF9000F007C117D /* Runner */,
			);
		};
/* End PBXProject section */

/* Begin PBXResourcesBuildPhase section */
		97C146EC1CF9000F007C117D /* Resources */ = {
			isa = PBXResourcesBuildPhase;
			buildActionMask = 2147483647;
			files = (
				CBDBE66923D8846000736DA9 /* LaunchScreen.storyboard in Resources */,
				CB34A27D23D795A6007FD1A4 /* AppFrameworkInfo.plist in Resources */,
				CB34A27E23D795C8007FD1A4 /* Assets.xcassets in Resources */,
				CB34A27B23D79552007FD1A4 /* GoogleService-Info.plist in Resources */,
				CBDBE66A23D8847300736DA9 /* Main.storyboard in Resources */,
			);
			runOnlyForDeploymentPostprocessing = 0;
		};
/* End PBXResourcesBuildPhase section */

/* Begin PBXShellScriptBuildPhase section */
		201A83C285C5959D16EEFF97 /* [CP] Copy Pods Resources */ = {
			isa = PBXShellScriptBuildPhase;
			buildActionMask = 2147483647;
			files = (
			);
			inputPaths = (
			);
			name = "[CP] Copy Pods Resources";
			outputPaths = (
			);
			runOnlyForDeploymentPostprocessing = 0;
			shellPath = /bin/sh;
			shellScript = "\"${PODS_ROOT}/Target Support Files/Pods-Runner/Pods-Runner-resources.sh\"\n";
			showEnvVarsInLog = 0;
		};
		3089DFAA35BFDBD640AEF2A5 /* [CP] Check Pods Manifest.lock */ = {
			isa = PBXShellScriptBuildPhase;
			buildActionMask = 2147483647;
			files = (
			);
			inputFileListPaths = (
			);
			inputPaths = (
				"${PODS_PODFILE_DIR_PATH}/Podfile.lock",
				"${PODS_ROOT}/Manifest.lock",
			);
			name = "[CP] Check Pods Manifest.lock";
			outputFileListPaths = (
			);
			outputPaths = (
				"$(DERIVED_FILE_DIR)/Pods-Runner-checkManifestLockResult.txt",
			);
			runOnlyForDeploymentPostprocessing = 0;
			shellPath = /bin/sh;
			shellScript = "diff \"${PODS_PODFILE_DIR_PATH}/Podfile.lock\" \"${PODS_ROOT}/Manifest.lock\" > /dev/null\nif [ $? != 0 ] ; then\n    # print error to STDERR\n    echo \"error: The sandbox is not in sync with the Podfile.lock. Run 'pod install' or update your CocoaPods installation.\" >&2\n    exit 1\nfi\n# This output is used by Xcode 'outputs' to avoid re-running this script phase.\necho \"SUCCESS\" > \"${SCRIPT_OUTPUT_FILE_0}\"\n";
			showEnvVarsInLog = 0;
		};
		3B06AD1E1E4923F5004D2608 /* Thin Binary */ = {
			isa = PBXShellScriptBuildPhase;
			buildActionMask = 2147483647;
			files = (
			);
			inputPaths = (
			);
			name = "Thin Binary";
			outputPaths = (
			);
			runOnlyForDeploymentPostprocessing = 0;
			shellPath = /bin/sh;
			shellScript = "/bin/sh \"$FLUTTER_ROOT/packages/flutter_tools/bin/xcode_backend.sh\" thin\n";
		};
		9740EEB61CF901F6004384FC /* Run Script */ = {
			isa = PBXShellScriptBuildPhase;
			buildActionMask = 12;
			files = (
			);
			inputPaths = (
			);
			name = "Run Script";
			outputPaths = (
			);
			runOnlyForDeploymentPostprocessing = 0;
			shellPath = /bin/sh;
			shellScript = "/bin/sh \"$FLUTTER_ROOT/packages/flutter_tools/bin/xcode_backend.sh\" build\n";
		};
		F2B53C140B0BB13D6019479C /* [CP] Embed Pods Frameworks */ = {
			isa = PBXShellScriptBuildPhase;
			buildActionMask = 2147483647;
			files = (
			);
			inputPaths = (
			);
			name = "[CP] Embed Pods Frameworks";
			outputPaths = (
			);
			runOnlyForDeploymentPostprocessing = 0;
			shellPath = /bin/sh;
			shellScript = "\"${PODS_ROOT}/Target Support Files/Pods-Runner/Pods-Runner-frameworks.sh\"\n";
			showEnvVarsInLog = 0;
		};
/* End PBXShellScriptBuildPhase section */

/* Begin PBXSourcesBuildPhase section */
		97C146EA1CF9000F007C117D /* Sources */ = {
			isa = PBXSourcesBuildPhase;
			buildActionMask = 2147483647;
			files = (
				74858FAF1ED2DC5600515810 /* AppDelegate.swift in Sources */,
				1498D2341E8E89220040F4C2 /* GeneratedPluginRegistrant.m in Sources */,
			);
			runOnlyForDeploymentPostprocessing = 0;
		};
/* End PBXSourcesBuildPhase section */

/* Begin PBXVariantGroup section */
		97C146FA1CF9000F007C117D /* Main.storyboard */ = {
			isa = PBXVariantGroup;
			children = (
				97C146FB1CF9000F007C117D /* Base */,
			);
			name = Main.storyboard;
			sourceTree = "<group>";
		};
		97C146FF1CF9000F007C117D /* LaunchScreen.storyboard */ = {
			isa = PBXVariantGroup;
			children = (
				97C147001CF9000F007C117D /* Base */,
			);
			name = LaunchScreen.storyboard;
			sourceTree = "<group>";
		};
/* End PBXVariantGroup section */

/* Begin XCBuildConfiguration section */
		249021D3217E4FDB00AE95B9 /* Profile */ = {
			isa = XCBuildConfiguration;
			baseConfigurationReference = 7AFA3C8E1D35360C0083082E /* Release.xcconfig */;
			buildSettings = {
				ALWAYS_SEARCH_USER_PATHS = NO;
				CLANG_ANALYZER_NONNULL = YES;
				CLANG_CXX_LANGUAGE_STANDARD = "gnu++0x";
				CLANG_CXX_LIBRARY = "libc++";
				CLANG_ENABLE_MODULES = YES;
				CLANG_ENABLE_OBJC_ARC = YES;
				CLANG_WARN_BLOCK_CAPTURE_AUTORELEASING = YES;
				CLANG_WARN_BOOL_CONVERSION = YES;
				CLANG_WARN_COMMA = YES;
				CLANG_WARN_CONSTANT_CONVERSION = YES;
				CLANG_WARN_DEPRECATED_OBJC_IMPLEMENTATIONS = YES;
				CLANG_WARN_DIRECT_OBJC_ISA_USAGE = YES_ERROR;
				CLANG_WARN_EMPTY_BODY = YES;
				CLANG_WARN_ENUM_CONVERSION = YES;
				CLANG_WARN_INFINITE_RECURSION = YES;
				CLANG_WARN_INT_CONVERSION = YES;
				CLANG_WARN_NON_LITERAL_NULL_CONVERSION = YES;
				CLANG_WARN_OBJC_IMPLICIT_RETAIN_SELF = YES;
				CLANG_WARN_OBJC_LITERAL_CONVERSION = YES;
				CLANG_WARN_OBJC_ROOT_CLASS = YES_ERROR;
				CLANG_WARN_RANGE_LOOP_ANALYSIS = YES;
				CLANG_WARN_STRICT_PROTOTYPES = YES;
				CLANG_WARN_SUSPICIOUS_MOVE = YES;
				CLANG_WARN_UNREACHABLE_CODE = YES;
				CLANG_WARN__DUPLICATE_METHOD_MATCH = YES;
				"CODE_SIGN_IDENTITY[sdk=iphoneos*]" = "iPhone Developer";
				COPY_PHASE_STRIP = NO;
				DEBUG_INFORMATION_FORMAT = "dwarf-with-dsym";
				ENABLE_NS_ASSERTIONS = NO;
				ENABLE_STRICT_OBJC_MSGSEND = YES;
				GCC_C_LANGUAGE_STANDARD = gnu99;
				GCC_NO_COMMON_BLOCKS = YES;
				GCC_WARN_64_TO_32_BIT_CONVERSION = YES;
				GCC_WARN_ABOUT_RETURN_TYPE = YES_ERROR;
				GCC_WARN_UNDECLARED_SELECTOR = YES;
				GCC_WARN_UNINITIALIZED_AUTOS = YES_AGGRESSIVE;
				GCC_WARN_UNUSED_FUNCTION = YES;
				GCC_WARN_UNUSED_VARIABLE = YES;
				IPHONEOS_DEPLOYMENT_TARGET = 13.4;
				MTL_ENABLE_DEBUG_INFO = NO;
				ONLY_ACTIVE_ARCH = YES;
				SDKROOT = iphoneos;
				SUPPORTED_PLATFORMS = iphoneos;
				SWIFT_REFLECTION_METADATA_LEVEL = none;
				TARGETED_DEVICE_FAMILY = "1,2";
				VALIDATE_PRODUCT = YES;
				VALID_ARCHS = "$(VALID_ARCHS)";
			};
			name = Profile;
		};
		249021D4217E4FDB00AE95B9 /* Profile */ = {
			isa = XCBuildConfiguration;
			baseConfigurationReference = 7AFA3C8E1D35360C0083082E /* Release.xcconfig */;
			buildSettings = {
				ASSETCATALOG_COMPILER_APPICON_NAME = AppIcon;
				CLANG_ENABLE_MODULES = YES;
				CODE_SIGN_ENTITLEMENTS = Runner/Runner.entitlements;
				CURRENT_PROJECT_VERSION = "$(FLUTTER_BUILD_NUMBER)";
				DEVELOPMENT_TEAM = BN4F9WZ4R3;
				ENABLE_BITCODE = NO;
				FRAMEWORK_SEARCH_PATHS = (
					"$(inherited)",
					"$(PROJECT_DIR)/Flutter",
				);
				GCC_THUMB_SUPPORT = NO;
				HEADER_SEARCH_PATHS = (
					"$(inherited)",
					"\"${PODS_ROOT}/Headers/Public\"",
					"\"${PODS_ROOT}/Headers/Public/AppAuth\"",
					"\"${PODS_ROOT}/Headers/Public/BoringSSL-GRPC\"",
					"\"${PODS_ROOT}/Headers/Public/FBSDKCoreKit\"",
					"\"${PODS_ROOT}/Headers/Public/FBSDKLoginKit\"",
					"\"${PODS_ROOT}/Headers/Public/Firebase\"",
					"\"${PODS_ROOT}/Headers/Public/FirebaseAnalyticsInterop\"",
					"\"${PODS_ROOT}/Headers/Public/FirebaseAuth\"",
					"\"${PODS_ROOT}/Headers/Public/FirebaseAuthInterop\"",
					"\"${PODS_ROOT}/Headers/Public/FirebaseCore\"",
					"\"${PODS_ROOT}/Headers/Public/FirebaseCoreDiagnostics\"",
					"\"${PODS_ROOT}/Headers/Public/FirebaseCoreDiagnosticsInterop\"",
					"\"${PODS_ROOT}/Headers/Public/FirebaseDatabase\"",
					"\"${PODS_ROOT}/Headers/Public/FirebaseDynamicLinks\"",
					"\"${PODS_ROOT}/Headers/Public/FirebaseFirestore\"",
					"\"${PODS_ROOT}/Headers/Public/FirebaseInstallations\"",
					"\"${PODS_ROOT}/Headers/Public/FirebaseInstanceID\"",
					"\"${PODS_ROOT}/Headers/Public/GTMAppAuth\"",
					"\"${PODS_ROOT}/Headers/Public/GTMSessionFetcher\"",
					"\"${PODS_ROOT}/Headers/Public/GoogleDataTransport\"",
					"\"${PODS_ROOT}/Headers/Public/GoogleDataTransportCCTSupport\"",
					"\"${PODS_ROOT}/Headers/Public/GoogleUtilities\"",
					"\"${PODS_ROOT}/Headers/Public/PromisesObjC\"",
					"\"${PODS_ROOT}/Headers/Public/abseil\"",
					"\"${PODS_ROOT}/Headers/Public/cloud_firestore\"",
					"\"${PODS_ROOT}/Headers/Public/firebase_auth\"",
					"\"${PODS_ROOT}/Headers/Public/firebase_core\"",
					"\"${PODS_ROOT}/Headers/Public/firebase_database\"",
					"\"${PODS_ROOT}/Headers/Public/firebase_dynamic_links\"",
					"\"${PODS_ROOT}/Headers/Public/flutter_facebook_login\"",
					"\"${PODS_ROOT}/Headers/Public/flutter_plugin_android_lifecycle\"",
					"\"${PODS_ROOT}/Headers/Public/gRPC-C++\"",
					"\"${PODS_ROOT}/Headers/Public/gRPC-Core\"",
					"\"${PODS_ROOT}/Headers/Public/google_maps_flutter\"",
					"\"${PODS_ROOT}/Headers/Public/google_sign_in\"",
					"\"${PODS_ROOT}/Headers/Public/image_picker\"",
					"\"${PODS_ROOT}/Headers/Public/leveldb-library\"",
					"\"${PODS_ROOT}/Headers/Public/location\"",
					"\"${PODS_ROOT}/Headers/Public/nanopb\"",
					"\"${PODS_ROOT}/Headers/Public/shared_preferences\"",
					"$(inherited)",
					"${PODS_ROOT}/Firebase/CoreOnly/Sources",
					"\"${PODS_TARGET_SRCROOT}/Sources/FBLPromises/include\"",
					"\"${PODS_ROOT}/Headers/Public/Facebook-iOS-SDK/FacebookSDK\\\"\n\"${PODS_ROOT}/Headers/Public/Facebook-iOS-SDK/FacebookSDK\\\"\n\"${PODS_ROOT}/Headers/Public/Facebook-iOS-SDK/FacebookSDK\\\"\n\"${PODS_ROOT}/Headers/Public/Facebook-iOS-SDK/FacebookSDK\\\"\n",
					"\"${PODS_ROOT}/Headers/Public/Facebook-iOS-SDK\\\"\n\"${PODS_ROOT}/Headers/Public/Facebook-iOS-SDK/FacebookSDK\\\"\n\"${PODS_ROOT}/Headers/Public/FBSDKCoreKit\\\"\n\"${PODS_ROOT}/Headers/Public/FBSDKCoreKit/FBSDKCoreKit\\\"",
					"\"${PODS_ROOT}/Headers/Public/FBSDKCoreKit/FBSDKCoreKit\\\"\n\"${PODS_ROOT}/Headers/Public/FBSDKCoreKit/FBSDKCoreKit\\\"\n",
					"\"${PODS_ROOT}/Headers/Public/FBSDKCoreKit\\\"\n",
				);
				INFOPLIST_FILE = Runner/Info.plist;
				IPHONEOS_DEPLOYMENT_TARGET = 13.4;
				LD_RUNPATH_SEARCH_PATHS = "$(inherited) @executable_path/Frameworks";
				LIBRARY_SEARCH_PATHS = (
					"$(inherited)",
					"$(PROJECT_DIR)/Flutter",
				);
				ONLY_ACTIVE_ARCH = YES;
				PRODUCT_BUNDLE_IDENTIFIER = io.swappin;
				PRODUCT_NAME = "$(TARGET_NAME)";
				SWIFT_OBJC_BRIDGING_HEADER = "Runner/Runner-Bridging-Header.h";
				SWIFT_REFLECTION_METADATA_LEVEL = none;
				SWIFT_VERSION = 5.0;
				VALID_ARCHS = "$(ARCHS_STANDARD) x86_64 i386";
				VERSIONING_SYSTEM = "apple-generic";
			};
			name = Profile;
		};
		97C147031CF9000F007C117D /* Debug */ = {
			isa = XCBuildConfiguration;
			baseConfigurationReference = 9740EEB21CF90195004384FC /* Debug.xcconfig */;
			buildSettings = {
				ALWAYS_SEARCH_USER_PATHS = NO;
				ARCHS = "$(ARCHS_STANDARD)";
				CLANG_ANALYZER_NONNULL = YES;
				CLANG_CXX_LANGUAGE_STANDARD = "gnu++0x";
				CLANG_CXX_LIBRARY = "libc++";
				CLANG_ENABLE_MODULES = YES;
				CLANG_ENABLE_OBJC_ARC = YES;
				CLANG_WARN_BLOCK_CAPTURE_AUTORELEASING = YES;
				CLANG_WARN_BOOL_CONVERSION = YES;
				CLANG_WARN_COMMA = YES;
				CLANG_WARN_CONSTANT_CONVERSION = YES;
				CLANG_WARN_DEPRECATED_OBJC_IMPLEMENTATIONS = YES;
				CLANG_WARN_DIRECT_OBJC_ISA_USAGE = YES_ERROR;
				CLANG_WARN_EMPTY_BODY = YES;
				CLANG_WARN_ENUM_CONVERSION = YES;
				CLANG_WARN_INFINITE_RECURSION = YES;
				CLANG_WARN_INT_CONVERSION = YES;
				CLANG_WARN_NON_LITERAL_NULL_CONVERSION = YES;
				CLANG_WARN_OBJC_IMPLICIT_RETAIN_SELF = YES;
				CLANG_WARN_OBJC_LITERAL_CONVERSION = YES;
				CLANG_WARN_OBJC_ROOT_CLASS = YES_ERROR;
				CLANG_WARN_RANGE_LOOP_ANALYSIS = YES;
				CLANG_WARN_STRICT_PROTOTYPES = YES;
				CLANG_WARN_SUSPICIOUS_MOVE = YES;
				CLANG_WARN_UNREACHABLE_CODE = YES;
				CLANG_WARN__DUPLICATE_METHOD_MATCH = YES;
				"CODE_SIGN_IDENTITY[sdk=iphoneos*]" = "iPhone Developer";
				COPY_PHASE_STRIP = NO;
				DEBUG_INFORMATION_FORMAT = dwarf;
				ENABLE_STRICT_OBJC_MSGSEND = YES;
				ENABLE_TESTABILITY = YES;
				GCC_C_LANGUAGE_STANDARD = gnu99;
				GCC_DYNAMIC_NO_PIC = NO;
				GCC_NO_COMMON_BLOCKS = YES;
				GCC_OPTIMIZATION_LEVEL = 0;
				GCC_PREPROCESSOR_DEFINITIONS = (
					"DEBUG=1",
					"$(inherited)",
				);
				GCC_WARN_64_TO_32_BIT_CONVERSION = YES;
				GCC_WARN_ABOUT_RETURN_TYPE = YES_ERROR;
				GCC_WARN_UNDECLARED_SELECTOR = YES;
				GCC_WARN_UNINITIALIZED_AUTOS = YES_AGGRESSIVE;
				GCC_WARN_UNUSED_FUNCTION = YES;
				GCC_WARN_UNUSED_VARIABLE = YES;
				IPHONEOS_DEPLOYMENT_TARGET = 13.4;
				MTL_ENABLE_DEBUG_INFO = YES;
				ONLY_ACTIVE_ARCH = YES;
				SDKROOT = iphoneos;
				SWIFT_REFLECTION_METADATA_LEVEL = none;
				TARGETED_DEVICE_FAMILY = "1,2";
				VALID_ARCHS = "$(VALID_ARCHS)";
			};
			name = Debug;
		};
		97C147041CF9000F007C117D /* Release */ = {
			isa = XCBuildConfiguration;
			baseConfigurationReference = 7AFA3C8E1D35360C0083082E /* Release.xcconfig */;
			buildSettings = {
				ALWAYS_SEARCH_USER_PATHS = NO;
				CLANG_ANALYZER_NONNULL = YES;
				CLANG_CXX_LANGUAGE_STANDARD = "gnu++0x";
				CLANG_CXX_LIBRARY = "libc++";
				CLANG_ENABLE_MODULES = YES;
				CLANG_ENABLE_OBJC_ARC = YES;
				CLANG_WARN_BLOCK_CAPTURE_AUTORELEASING = YES;
				CLANG_WARN_BOOL_CONVERSION = YES;
				CLANG_WARN_COMMA = YES;
				CLANG_WARN_CONSTANT_CONVERSION = YES;
				CLANG_WARN_DEPRECATED_OBJC_IMPLEMENTATIONS = YES;
				CLANG_WARN_DIRECT_OBJC_ISA_USAGE = YES_ERROR;
				CLANG_WARN_EMPTY_BODY = YES;
				CLANG_WARN_ENUM_CONVERSION = YES;
				CLANG_WARN_INFINITE_RECURSION = YES;
				CLANG_WARN_INT_CONVERSION = YES;
				CLANG_WARN_NON_LITERAL_NULL_CONVERSION = YES;
				CLANG_WARN_OBJC_IMPLICIT_RETAIN_SELF = YES;
				CLANG_WARN_OBJC_LITERAL_CONVERSION = YES;
				CLANG_WARN_OBJC_ROOT_CLASS = YES_ERROR;
				CLANG_WARN_RANGE_LOOP_ANALYSIS = YES;
				CLANG_WARN_STRICT_PROTOTYPES = YES;
				CLANG_WARN_SUSPICIOUS_MOVE = YES;
				CLANG_WARN_UNREACHABLE_CODE = YES;
				CLANG_WARN__DUPLICATE_METHOD_MATCH = YES;
				"CODE_SIGN_IDENTITY[sdk=iphoneos*]" = "iPhone Developer";
				COPY_PHASE_STRIP = NO;
				DEBUG_INFORMATION_FORMAT = "dwarf-with-dsym";
				ENABLE_NS_ASSERTIONS = NO;
				ENABLE_STRICT_OBJC_MSGSEND = YES;
				GCC_C_LANGUAGE_STANDARD = gnu99;
				GCC_NO_COMMON_BLOCKS = YES;
				GCC_WARN_64_TO_32_BIT_CONVERSION = YES;
				GCC_WARN_ABOUT_RETURN_TYPE = YES_ERROR;
				GCC_WARN_UNDECLARED_SELECTOR = YES;
				GCC_WARN_UNINITIALIZED_AUTOS = YES_AGGRESSIVE;
				GCC_WARN_UNUSED_FUNCTION = YES;
				GCC_WARN_UNUSED_VARIABLE = YES;
				IPHONEOS_DEPLOYMENT_TARGET = 13.4;
				MTL_ENABLE_DEBUG_INFO = NO;
				SDKROOT = iphoneos;
				SUPPORTED_PLATFORMS = iphoneos;
				SWIFT_OPTIMIZATION_LEVEL = "-Owholemodule";
				SWIFT_REFLECTION_METADATA_LEVEL = none;
				TARGETED_DEVICE_FAMILY = "1,2";
				VALIDATE_PRODUCT = YES;
				VALID_ARCHS = "$(VALID_ARCHS)";
			};
			name = Release;
		};
		97C147061CF9000F007C117D /* Debug */ = {
			isa = XCBuildConfiguration;
			baseConfigurationReference = 9740EEB21CF90195004384FC /* Debug.xcconfig */;
			buildSettings = {
				ASSETCATALOG_COMPILER_APPICON_NAME = AppIcon;
				CLANG_ENABLE_MODULES = YES;
				CODE_SIGN_ENTITLEMENTS = Runner/Runner.entitlements;
				CURRENT_PROJECT_VERSION = "$(FLUTTER_BUILD_NUMBER)";
				DEVELOPMENT_TEAM = BN4F9WZ4R3;
				ENABLE_BITCODE = NO;
				FRAMEWORK_SEARCH_PATHS = (
					"$(inherited)",
					"$(PROJECT_DIR)/Flutter",
				);
				GCC_THUMB_SUPPORT = NO;
				HEADER_SEARCH_PATHS = (
					"$(inherited)",
					"\"${PODS_ROOT}/Headers/Public\"",
					"\"${PODS_ROOT}/Headers/Public/AppAuth\"",
					"\"${PODS_ROOT}/Headers/Public/BoringSSL-GRPC\"",
					"\"${PODS_ROOT}/Headers/Public/FBSDKCoreKit\"",
					"\"${PODS_ROOT}/Headers/Public/FBSDKLoginKit\"",
					"\"${PODS_ROOT}/Headers/Public/Firebase\"",
					"\"${PODS_ROOT}/Headers/Public/FirebaseAnalyticsInterop\"",
					"\"${PODS_ROOT}/Headers/Public/FirebaseAuth\"",
					"\"${PODS_ROOT}/Headers/Public/FirebaseAuthInterop\"",
					"\"${PODS_ROOT}/Headers/Public/FirebaseCore\"",
					"\"${PODS_ROOT}/Headers/Public/FirebaseCoreDiagnostics\"",
					"\"${PODS_ROOT}/Headers/Public/FirebaseCoreDiagnosticsInterop\"",
					"\"${PODS_ROOT}/Headers/Public/FirebaseDatabase\"",
					"\"${PODS_ROOT}/Headers/Public/FirebaseDynamicLinks\"",
					"\"${PODS_ROOT}/Headers/Public/FirebaseFirestore\"",
					"\"${PODS_ROOT}/Headers/Public/FirebaseInstallations\"",
					"\"${PODS_ROOT}/Headers/Public/FirebaseInstanceID\"",
					"\"${PODS_ROOT}/Headers/Public/GTMAppAuth\"",
					"\"${PODS_ROOT}/Headers/Public/GTMSessionFetcher\"",
					"\"${PODS_ROOT}/Headers/Public/GoogleDataTransport\"",
					"\"${PODS_ROOT}/Headers/Public/GoogleDataTransportCCTSupport\"",
					"\"${PODS_ROOT}/Headers/Public/GoogleUtilities\"",
					"\"${PODS_ROOT}/Headers/Public/PromisesObjC\"",
					"\"${PODS_ROOT}/Headers/Public/abseil\"",
					"\"${PODS_ROOT}/Headers/Public/cloud_firestore\"",
					"\"${PODS_ROOT}/Headers/Public/firebase_auth\"",
					"\"${PODS_ROOT}/Headers/Public/firebase_core\"",
					"\"${PODS_ROOT}/Headers/Public/firebase_database\"",
					"\"${PODS_ROOT}/Headers/Public/firebase_dynamic_links\"",
					"\"${PODS_ROOT}/Headers/Public/flutter_facebook_login\"",
					"\"${PODS_ROOT}/Headers/Public/flutter_plugin_android_lifecycle\"",
					"\"${PODS_ROOT}/Headers/Public/gRPC-C++\"",
					"\"${PODS_ROOT}/Headers/Public/gRPC-Core\"",
					"\"${PODS_ROOT}/Headers/Public/google_maps_flutter\"",
					"\"${PODS_ROOT}/Headers/Public/google_sign_in\"",
					"\"${PODS_ROOT}/Headers/Public/image_picker\"",
					"\"${PODS_ROOT}/Headers/Public/leveldb-library\"",
					"\"${PODS_ROOT}/Headers/Public/location\"",
					"\"${PODS_ROOT}/Headers/Public/nanopb\"",
					"\"${PODS_ROOT}/Headers/Public/shared_preferences\"",
					"$(inherited)",
					"${PODS_ROOT}/Firebase/CoreOnly/Sources",
					"\"${PODS_TARGET_SRCROOT}/Sources/FBLPromises/include\"",
					"\"${PODS_ROOT}/Headers/Public/Facebook-iOS-SDK/FacebookSDK\\\"\n\"${PODS_ROOT}/Headers/Public/Facebook-iOS-SDK/FacebookSDK\\\"\n\"${PODS_ROOT}/Headers/Public/Facebook-iOS-SDK/FacebookSDK\\\"\n\"${PODS_ROOT}/Headers/Public/Facebook-iOS-SDK/FacebookSDK\\\"\n",
					"\"${PODS_ROOT}/Headers/Public/Facebook-iOS-SDK\\\"\n\"${PODS_ROOT}/Headers/Public/Facebook-iOS-SDK/FacebookSDK\\\"\n\"${PODS_ROOT}/Headers/Public/FBSDKCoreKit\\\"\n\"${PODS_ROOT}/Headers/Public/FBSDKCoreKit/FBSDKCoreKit\\\"",
					"\"${PODS_ROOT}/Headers/Public/FBSDKCoreKit/FBSDKCoreKit\\\"\n\"${PODS_ROOT}/Headers/Public/FBSDKCoreKit/FBSDKCoreKit\\\"\n",
					"\"${PODS_ROOT}/Headers/Public/FBSDKCoreKit\\\"\n",
				);
				INFOPLIST_FILE = Runner/Info.plist;
				IPHONEOS_DEPLOYMENT_TARGET = 13.4;
				LD_RUNPATH_SEARCH_PATHS = "$(inherited) @executable_path/Frameworks";
				LIBRARY_SEARCH_PATHS = (
					"$(inherited)",
					"$(PROJECT_DIR)/Flutter",
				);
				ONLY_ACTIVE_ARCH = YES;
				PRODUCT_BUNDLE_IDENTIFIER = io.swappin;
				PRODUCT_NAME = "$(TARGET_NAME)";
				SWIFT_OBJC_BRIDGING_HEADER = "Runner/Runner-Bridging-Header.h";
				SWIFT_OPTIMIZATION_LEVEL = "-Onone";
				SWIFT_REFLECTION_METADATA_LEVEL = none;
				SWIFT_VERSION = 5.0;
				VALID_ARCHS = "$(ARCHS_STANDARD) x86_64 i386";
				VERSIONING_SYSTEM = "apple-generic";
			};
			name = Debug;
		};
		97C147071CF9000F007C117D /* Release */ = {
			isa = XCBuildConfiguration;
			baseConfigurationReference = 7AFA3C8E1D35360C0083082E /* Release.xcconfig */;
			buildSettings = {
				ASSETCATALOG_COMPILER_APPICON_NAME = AppIcon;
				CLANG_ENABLE_MODULES = YES;
				CODE_SIGN_ENTITLEMENTS = Runner/Runner.entitlements;
				CURRENT_PROJECT_VERSION = "$(FLUTTER_BUILD_NUMBER)";
				DEVELOPMENT_TEAM = BN4F9WZ4R3;
				ENABLE_BITCODE = NO;
				FRAMEWORK_SEARCH_PATHS = (
					"$(inherited)",
					"$(PROJECT_DIR)/Flutter",
				);
				GCC_THUMB_SUPPORT = NO;
				HEADER_SEARCH_PATHS = (
					"$(inherited)",
					"\"${PODS_ROOT}/Headers/Public\"",
					"\"${PODS_ROOT}/Headers/Public/AppAuth\"",
					"\"${PODS_ROOT}/Headers/Public/BoringSSL-GRPC\"",
					"\"${PODS_ROOT}/Headers/Public/FBSDKCoreKit\"",
					"\"${PODS_ROOT}/Headers/Public/FBSDKLoginKit\"",
					"\"${PODS_ROOT}/Headers/Public/Firebase\"",
					"\"${PODS_ROOT}/Headers/Public/FirebaseAnalyticsInterop\"",
					"\"${PODS_ROOT}/Headers/Public/FirebaseAuth\"",
					"\"${PODS_ROOT}/Headers/Public/FirebaseAuthInterop\"",
					"\"${PODS_ROOT}/Headers/Public/FirebaseCore\"",
					"\"${PODS_ROOT}/Headers/Public/FirebaseCoreDiagnostics\"",
					"\"${PODS_ROOT}/Headers/Public/FirebaseCoreDiagnosticsInterop\"",
					"\"${PODS_ROOT}/Headers/Public/FirebaseDatabase\"",
					"\"${PODS_ROOT}/Headers/Public/FirebaseDynamicLinks\"",
					"\"${PODS_ROOT}/Headers/Public/FirebaseFirestore\"",
					"\"${PODS_ROOT}/Headers/Public/FirebaseInstallations\"",
					"\"${PODS_ROOT}/Headers/Public/FirebaseInstanceID\"",
					"\"${PODS_ROOT}/Headers/Public/GTMAppAuth\"",
					"\"${PODS_ROOT}/Headers/Public/GTMSessionFetcher\"",
					"\"${PODS_ROOT}/Headers/Public/GoogleDataTransport\"",
					"\"${PODS_ROOT}/Headers/Public/GoogleDataTransportCCTSupport\"",
					"\"${PODS_ROOT}/Headers/Public/GoogleUtilities\"",
					"\"${PODS_ROOT}/Headers/Public/PromisesObjC\"",
					"\"${PODS_ROOT}/Headers/Public/abseil\"",
					"\"${PODS_ROOT}/Headers/Public/cloud_firestore\"",
					"\"${PODS_ROOT}/Headers/Public/firebase_auth\"",
					"\"${PODS_ROOT}/Headers/Public/firebase_core\"",
					"\"${PODS_ROOT}/Headers/Public/firebase_database\"",
					"\"${PODS_ROOT}/Headers/Public/firebase_dynamic_links\"",
					"\"${PODS_ROOT}/Headers/Public/flutter_facebook_login\"",
					"\"${PODS_ROOT}/Headers/Public/flutter_plugin_android_lifecycle\"",
					"\"${PODS_ROOT}/Headers/Public/gRPC-C++\"",
					"\"${PODS_ROOT}/Headers/Public/gRPC-Core\"",
					"\"${PODS_ROOT}/Headers/Public/google_maps_flutter\"",
					"\"${PODS_ROOT}/Headers/Public/google_sign_in\"",
					"\"${PODS_ROOT}/Headers/Public/image_picker\"",
					"\"${PODS_ROOT}/Headers/Public/leveldb-library\"",
					"\"${PODS_ROOT}/Headers/Public/location\"",
					"\"${PODS_ROOT}/Headers/Public/nanopb\"",
					"\"${PODS_ROOT}/Headers/Public/shared_preferences\"",
					"$(inherited)",
					"${PODS_ROOT}/Firebase/CoreOnly/Sources",
					"\"${PODS_TARGET_SRCROOT}/Sources/FBLPromises/include\"",
					"\"${PODS_ROOT}/Headers/Public/Facebook-iOS-SDK/FacebookSDK\\\"\n\"${PODS_ROOT}/Headers/Public/Facebook-iOS-SDK/FacebookSDK\\\"\n\"${PODS_ROOT}/Headers/Public/Facebook-iOS-SDK/FacebookSDK\\\"\n\"${PODS_ROOT}/Headers/Public/Facebook-iOS-SDK/FacebookSDK\\\"\n",
					"\"${PODS_ROOT}/Headers/Public/Facebook-iOS-SDK\\\"\n\"${PODS_ROOT}/Headers/Public/Facebook-iOS-SDK/FacebookSDK\\\"\n\"${PODS_ROOT}/Headers/Public/FBSDKCoreKit\\\"\n\"${PODS_ROOT}/Headers/Public/FBSDKCoreKit/FBSDKCoreKit\\\"",
					"\"${PODS_ROOT}/Headers/Public/FBSDKCoreKit/FBSDKCoreKit\\\"\n\"${PODS_ROOT}/Headers/Public/FBSDKCoreKit/FBSDKCoreKit\\\"\n",
					"\"${PODS_ROOT}/Headers/Public/FBSDKCoreKit\\\"\n",
				);
				INFOPLIST_FILE = Runner/Info.plist;
				IPHONEOS_DEPLOYMENT_TARGET = 13.4;
				LD_RUNPATH_SEARCH_PATHS = "$(inherited) @executable_path/Frameworks";
				LIBRARY_SEARCH_PATHS = (
					"$(inherited)",
					"$(PROJECT_DIR)/Flutter",
				);
				ONLY_ACTIVE_ARCH = YES;
				PRODUCT_BUNDLE_IDENTIFIER = io.swappin;
				PRODUCT_NAME = "$(TARGET_NAME)";
				SWIFT_OBJC_BRIDGING_HEADER = "Runner/Runner-Bridging-Header.h";
				SWIFT_REFLECTION_METADATA_LEVEL = none;
				SWIFT_VERSION = 5.0;
				VALID_ARCHS = "$(ARCHS_STANDARD) x86_64 i386";
				VERSIONING_SYSTEM = "apple-generic";
			};
			name = Release;
		};
/* End XCBuildConfiguration section */

/* Begin XCConfigurationList section */
		97C146E91CF9000F007C117D /* Build configuration list for PBXProject "Runner" */ = {
			isa = XCConfigurationList;
			buildConfigurations = (
				97C147031CF9000F007C117D /* Debug */,
				97C147041CF9000F007C117D /* Release */,
				249021D3217E4FDB00AE95B9 /* Profile */,
			);
			defaultConfigurationIsVisible = 0;
			defaultConfigurationName = Release;
		};
		97C147051CF9000F007C117D /* Build configuration list for PBXNativeTarget "Runner" */ = {
			isa = XCConfigurationList;
			buildConfigurations = (
				97C147061CF9000F007C117D /* Debug */,
				97C147071CF9000F007C117D /* Release */,
				249021D4217E4FDB00AE95B9 /* Profile */,
			);
			defaultConfigurationIsVisible = 0;
			defaultConfigurationName = Release;
		};
/* End XCConfigurationList section */
	};
	rootObject = 97C146E61CF9000F007C117D /* Project object */;
}
